
Microsoft Visual Studio Solution File, Format Version 12.00
# Visual Studio Version 17
VisualStudioVersion = 17.7.34221.43
MinimumVisualStudioVersion = 10.0.40219.1
Project("{9A19103F-16F7-4668-BE54-9A1E7A4F7556}") = "NeurochatAgent", "NeurochatAgent\NeurochatAgent.csproj", "{AD8E1C04-9B6D-4BEF-BEC7-63FF8D8D1170}"
EndProject
Project("{FAE04EC0-301F-11D3-BF4B-00C04F79EFBC}") = "ApiInterface", "ChatApiInterface\ApiInterface.csproj", "{FFFC2FD0-6691-44EF-A3BE-5C1122FAA3B1}"
EndProject
Project("{FAE04EC0-301F-11D3-BF4B-00C04F79EFBC}") = "ApiImplements", "VkApi\ApiImplements.csproj", "{73CA8C0B-A311-4CDE-8E76-0DA26DFCBA04}"
EndProject
Project("{FAE04EC0-301F-11D3-BF4B-00C04F79EFBC}") = "IntegrationTests", "IntegrationTests\IntegrationTests.csproj", "{1711964E-5744-4425-A4BE-0565763501F9}"
EndProject
Global
	GlobalSection(SolutionConfigurationPlatforms) = preSolution
		Debug|Any CPU = Debug|Any CPU
		Release|Any CPU = Release|Any CPU
	EndGlobalSection
	GlobalSection(ProjectConfigurationPlatforms) = postSolution
		{AD8E1C04-9B6D-4BEF-BEC7-63FF8D8D1170}.Debug|Any CPU.ActiveCfg = Debug|Any CPU
		{AD8E1C04-9B6D-4BEF-BEC7-63FF8D8D1170}.Debug|Any CPU.Build.0 = Debug|Any CPU
		{AD8E1C04-9B6D-4BEF-BEC7-63FF8D8D1170}.Release|Any CPU.ActiveCfg = Release|Any CPU
		{AD8E1C04-9B6D-4BEF-BEC7-63FF8D8D1170}.Release|Any CPU.Build.0 = Release|Any CPU
		{FFFC2FD0-6691-44EF-A3BE-5C1122FAA3B1}.Debug|Any CPU.ActiveCfg = Debug|Any CPU
		{FFFC2FD0-6691-44EF-A3BE-5C1122FAA3B1}.Debug|Any CPU.Build.0 = Debug|Any CPU
		{FFFC2FD0-6691-44EF-A3BE-5C1122FAA3B1}.Release|Any CPU.ActiveCfg = Release|Any CPU
		{FFFC2FD0-6691-44EF-A3BE-5C1122FAA3B1}.Release|Any CPU.Build.0 = Release|Any CPU
		{73CA8C0B-A311-4CDE-8E76-0DA26DFCBA04}.Debug|Any CPU.ActiveCfg = Debug|Any CPU
		{73CA8C0B-A311-4CDE-8E76-0DA26DFCBA04}.Debug|Any CPU.Build.0 = Debug|Any CPU
		{73CA8C0B-A311-4CDE-8E76-0DA26DFCBA04}.Release|Any CPU.ActiveCfg = Release|Any CPU
		{73CA8C0B-A311-4CDE-8E76-0DA26DFCBA04}.Release|Any CPU.Build.0 = Release|Any CPU
		{1711964E-5744-4425-A4BE-0565763501F9}.Debug|Any CPU.ActiveCfg = Debug|Any CPU
		{1711964E-5744-4425-A4BE-0565763501F9}.Debug|Any CPU.Build.0 = Debug|Any CPU
		{1711964E-5744-4425-A4BE-0565763501F9}.Release|Any CPU.ActiveCfg = Release|Any CPU
		{1711964E-5744-4425-A4BE-0565763501F9}.Release|Any CPU.Build.0 = Release|Any CPU
	EndGlobalSection
	GlobalSection(SolutionProperties) = preSolution
		HideSolutionNode = FALSE
	EndGlobalSection
	GlobalSection(ExtensibilityGlobals) = postSolution
		SolutionGuid = {B195AFDB-F169-43E4-A57E-403DD9E1F787}
	EndGlobalSection
EndGlobal
